
Microsoft Visual Studio Solution File, Format Version 12.00
# Visual Studio Version 16
VisualStudioVersion = 16.0.30320.27
MinimumVisualStudioVersion = 10.0.40219.1
Project("{FAE04EC0-301F-11D3-BF4B-00C04F79EFBC}") = "CustomRatingViewProject.UWP", "CustomRatingViewProject\CustomRatingViewProject.UWP\CustomRatingViewProject.UWP.csproj", "{5121DD73-14D0-4F24-AA5F-736DC9931E2D}"
EndProject
Project("{FAE04EC0-301F-11D3-BF4B-00C04F79EFBC}") = "CustomRatingViewProject.Android", "CustomRatingViewProject\CustomRatingViewProject.Android\CustomRatingViewProject.Android.csproj", "{474968DE-06E1-41D6-9D31-10E659CC710F}"
EndProject
Project("{FAE04EC0-301F-11D3-BF4B-00C04F79EFBC}") = "CustomRatingViewProject.iOS", "CustomRatingViewProject\CustomRatingViewProject.iOS\CustomRatingViewProject.iOS.csproj", "{E5496305-B22F-4ED2-8403-174CB4731DBD}"
EndProject
Project("{FAE04EC0-301F-11D3-BF4B-00C04F79EFBC}") = "CustomRatingViewProject", "CustomRatingViewProject\CustomRatingViewProject\CustomRatingViewProject.csproj", "{13C0EFEF-503A-46ED-A771-2EF16A74B006}"
EndProject
Global
	GlobalSection(SolutionConfigurationPlatforms) = preSolution
		Debug|Any CPU = Debug|Any CPU
		Debug|ARM = Debug|ARM
		Debug|iPhone = Debug|iPhone
		Debug|iPhoneSimulator = Debug|iPhoneSimulator
		Debug|x64 = Debug|x64
		Debug|x86 = Debug|x86
		Release|Any CPU = Release|Any CPU
		Release|ARM = Release|ARM
		Release|iPhone = Release|iPhone
		Release|iPhoneSimulator = Release|iPhoneSimulator
		Release|x64 = Release|x64
		Release|x86 = Release|x86
	EndGlobalSection
	GlobalSection(ProjectConfigurationPlatforms) = postSolution
		{5121DD73-14D0-4F24-AA5F-736DC9931E2D}.Debug|Any CPU.ActiveCfg = Debug|x86
		{5121DD73-14D0-4F24-AA5F-736DC9931E2D}.Debug|Any CPU.Build.0 = Debug|x86
		{5121DD73-14D0-4F24-AA5F-736DC9931E2D}.Debug|Any CPU.Deploy.0 = Debug|x86
		{5121DD73-14D0-4F24-AA5F-736DC9931E2D}.Debug|ARM.ActiveCfg = Debug|ARM
		{5121DD73-14D0-4F24-AA5F-736DC9931E2D}.Debug|ARM.Build.0 = Debug|ARM
		{5121DD73-14D0-4F24-AA5F-736DC9931E2D}.Debug|ARM.Deploy.0 = Debug|ARM
		{5121DD73-14D0-4F24-AA5F-736DC9931E2D}.Debug|iPhone.ActiveCfg = Debug|x86
		{5121DD73-14D0-4F24-AA5F-736DC9931E2D}.Debug|iPhone.Build.0 = Debug|x86
		{5121DD73-14D0-4F24-AA5F-736DC9931E2D}.Debug|iPhone.Deploy.0 = Debug|x86
		{5121DD73-14D0-4F24-AA5F-736DC9931E2D}.Debug|iPhoneSimulator.ActiveCfg = Debug|x86
		{5121DD73-14D0-4F24-AA5F-736DC9931E2D}.Debug|iPhoneSimulator.Build.0 = Debug|x86
		{5121DD73-14D0-4F24-AA5F-736DC9931E2D}.Debug|iPhoneSimulator.Deploy.0 = Debug|x86
		{5121DD73-14D0-4F24-AA5F-736DC9931E2D}.Debug|x64.ActiveCfg = Debug|x64
		{5121DD73-14D0-4F24-AA5F-736DC9931E2D}.Debug|x64.Build.0 = Debug|x64
		{5121DD73-14D0-4F24-AA5F-736DC9931E2D}.Debug|x64.Deploy.0 = Debug|x64
		{5121DD73-14D0-4F24-AA5F-736DC9931E2D}.Debug|x86.ActiveCfg = Debug|x86
		{5121DD73-14D0-4F24-AA5F-736DC9931E2D}.Debug|x86.Build.0 = Debug|x86
		{5121DD73-14D0-4F24-AA5F-736DC9931E2D}.Debug|x86.Deploy.0 = Debug|x86
		{5121DD73-14D0-4F24-AA5F-736DC9931E2D}.Release|Any CPU.ActiveCfg = Release|x86
		{5121DD73-14D0-4F24-AA5F-736DC9931E2D}.Release|Any CPU.Build.0 = Release|x86
		{5121DD73-14D0-4F24-AA5F-736DC9931E2D}.Release|Any CPU.Deploy.0 = Release|x86
		{5121DD73-14D0-4F24-AA5F-736DC9931E2D}.Release|ARM.ActiveCfg = Release|ARM
		{5121DD73-14D0-4F24-AA5F-736DC9931E2D}.Release|ARM.Build.0 = Release|ARM
		{5121DD73-14D0-4F24-AA5F-736DC9931E2D}.Release|ARM.Deploy.0 = Release|ARM
		{5121DD73-14D0-4F24-AA5F-736DC9931E2D}.Release|iPhone.ActiveCfg = Release|x86
		{5121DD73-14D0-4F24-AA5F-736DC9931E2D}.Release|iPhone.Build.0 = Release|x86
		{5121DD73-14D0-4F24-AA5F-736DC9931E2D}.Release|iPhone.Deploy.0 = Release|x86
		{5121DD73-14D0-4F24-AA5F-736DC9931E2D}.Release|iPhoneSimulator.ActiveCfg = Release|x86
		{5121DD73-14D0-4F24-AA5F-736DC9931E2D}.Release|iPhoneSimulator.Build.0 = Release|x86
		{5121DD73-14D0-4F24-AA5F-736DC9931E2D}.Release|iPhoneSimulator.Deploy.0 = Release|x86
		{5121DD73-14D0-4F24-AA5F-736DC9931E2D}.Release|x64.ActiveCfg = Release|x64
		{5121DD73-14D0-4F24-AA5F-736DC9931E2D}.Release|x64.Build.0 = Release|x64
		{5121DD73-14D0-4F24-AA5F-736DC9931E2D}.Release|x64.Deploy.0 = Release|x64
		{5121DD73-14D0-4F24-AA5F-736DC9931E2D}.Release|x86.ActiveCfg = Release|x86
		{5121DD73-14D0-4F24-AA5F-736DC9931E2D}.Release|x86.Build.0 = Release|x86
		{5121DD73-14D0-4F24-AA5F-736DC9931E2D}.Release|x86.Deploy.0 = Release|x86
		{474968DE-06E1-41D6-9D31-10E659CC710F}.Debug|Any CPU.ActiveCfg = Debug|Any CPU
		{474968DE-06E1-41D6-9D31-10E659CC710F}.Debug|Any CPU.Build.0 = Debug|Any CPU
		{474968DE-06E1-41D6-9D31-10E659CC710F}.Debug|Any CPU.Deploy.0 = Debug|Any CPU
		{474968DE-06E1-41D6-9D31-10E659CC710F}.Debug|ARM.ActiveCfg = Debug|Any CPU
		{474968DE-06E1-41D6-9D31-10E659CC710F}.Debug|ARM.Build.0 = Debug|Any CPU
		{474968DE-06E1-41D6-9D31-10E659CC710F}.Debug|ARM.Deploy.0 = Debug|Any CPU
		{474968DE-06E1-41D6-9D31-10E659CC710F}.Debug|iPhone.ActiveCfg = Debug|Any CPU
		{474968DE-06E1-41D6-9D31-10E659CC710F}.Debug|iPhone.Build.0 = Debug|Any CPU
		{474968DE-06E1-41D6-9D31-10E659CC710F}.Debug|iPhone.Deploy.0 = Debug|Any CPU
		{474968DE-06E1-41D6-9D31-10E659CC710F}.Debug|iPhoneSimulator.ActiveCfg = Debug|Any CPU
		{474968DE-06E1-41D6-9D31-10E659CC710F}.Debug|iPhoneSimulator.Build.0 = Debug|Any CPU
		{474968DE-06E1-41D6-9D31-10E659CC710F}.Debug|iPhoneSimulator.Deploy.0 = Debug|Any CPU
		{474968DE-06E1-41D6-9D31-10E659CC710F}.Debug|x64.ActiveCfg = Debug|Any CPU
		{474968DE-06E1-41D6-9D31-10E659CC710F}.Debug|x64.Build.0 = Debug|Any CPU
		{474968DE-06E1-41D6-9D31-10E659CC710F}.Debug|x64.Deploy.0 = Debug|Any CPU
		{474968DE-06E1-41D6-9D31-10E659CC710F}.Debug|x86.ActiveCfg = Debug|Any CPU
		{474968DE-06E1-41D6-9D31-10E659CC710F}.Debug|x86.Build.0 = Debug|Any CPU
		{474968DE-06E1-41D6-9D31-10E659CC710F}.Debug|x86.Deploy.0 = Debug|Any CPU
		{474968DE-06E1-41D6-9D31-10E659CC710F}.Release|Any CPU.ActiveCfg = Release|Any CPU
		{474968DE-06E1-41D6-9D31-10E659CC710F}.Release|Any CPU.Build.0 = Release|Any CPU
		{474968DE-06E1-41D6-9D31-10E659CC710F}.Release|Any CPU.Deploy.0 = Release|Any CPU
		{474968DE-06E1-41D6-9D31-10E659CC710F}.Release|ARM.ActiveCfg = Release|Any CPU
		{474968DE-06E1-41D6-9D31-10E659CC710F}.Release|ARM.Build.0 = Release|Any CPU
		{474968DE-06E1-41D6-9D31-10E659CC710F}.Release|ARM.Deploy.0 = Release|Any CPU
		{474968DE-06E1-41D6-9D31-10E659CC710F}.Release|iPhone.ActiveCfg = Release|Any CPU
		{474968DE-06E1-41D6-9D31-10E659CC710F}.Release|iPhone.Build.0 = Release|Any CPU
		{474968DE-06E1-41D6-9D31-10E659CC710F}.Release|iPhone.Deploy.0 = Release|Any CPU
		{474968DE-06E1-41D6-9D31-10E659CC710F}.Release|iPhoneSimulator.ActiveCfg = Release|Any CPU
		{474968DE-06E1-41D6-9D31-10E659CC710F}.Release|iPhoneSimulator.Build.0 = Release|Any CPU
		{474968DE-06E1-41D6-9D31-10E659CC710F}.Release|iPhoneSimulator.Deploy.0 = Release|Any CPU
		{474968DE-06E1-41D6-9D31-10E659CC710F}.Release|x64.ActiveCfg = Release|Any CPU
		{474968DE-06E1-41D6-9D31-10E659CC710F}.Release|x64.Build.0 = Release|Any CPU
		{474968DE-06E1-41D6-9D31-10E659CC710F}.Release|x64.Deploy.0 = Release|Any CPU
		{474968DE-06E1-41D6-9D31-10E659CC710F}.Release|x86.ActiveCfg = Release|Any CPU
		{474968DE-06E1-41D6-9D31-10E659CC710F}.Release|x86.Build.0 = Release|Any CPU
		{474968DE-06E1-41D6-9D31-10E659CC710F}.Release|x86.Deploy.0 = Release|Any CPU
		{E5496305-B22F-4ED2-8403-174CB4731DBD}.Debug|Any CPU.ActiveCfg = Debug|iPhone
		{E5496305-B22F-4ED2-8403-174CB4731DBD}.Debug|Any CPU.Build.0 = Debug|iPhone
		{E5496305-B22F-4ED2-8403-174CB4731DBD}.Debug|Any CPU.Deploy.0 = Debug|iPhone
		{E5496305-B22F-4ED2-8403-174CB4731DBD}.Debug|ARM.ActiveCfg = Debug|iPhone
		{E5496305-B22F-4ED2-8403-174CB4731DBD}.Debug|ARM.Build.0 = Debug|iPhone
		{E5496305-B22F-4ED2-8403-174CB4731DBD}.Debug|ARM.Deploy.0 = Debug|iPhone
		{E5496305-B22F-4ED2-8403-174CB4731DBD}.Debug|iPhone.ActiveCfg = Debug|iPhone
		{E5496305-B22F-4ED2-8403-174CB4731DBD}.Debug|iPhone.Build.0 = Debug|iPhone
		{E5496305-B22F-4ED2-8403-174CB4731DBD}.Debug|iPhone.Deploy.0 = Debug|iPhone
		{E5496305-B22F-4ED2-8403-174CB4731DBD}.Debug|iPhoneSimulator.ActiveCfg = Debug|iPhoneSimulator
		{E5496305-B22F-4ED2-8403-174CB4731DBD}.Debug|iPhoneSimulator.Build.0 = Debug|iPhoneSimulator
		{E5496305-B22F-4ED2-8403-174CB4731DBD}.Debug|iPhoneSimulator.Deploy.0 = Debug|iPhoneSimulator
		{E5496305-B22F-4ED2-8403-174CB4731DBD}.Debug|x64.ActiveCfg = Debug|iPhone
		{E5496305-B22F-4ED2-8403-174CB4731DBD}.Debug|x64.Build.0 = Debug|iPhone
		{E5496305-B22F-4ED2-8403-174CB4731DBD}.Debug|x64.Deploy.0 = Debug|iPhone
		{E5496305-B22F-4ED2-8403-174CB4731DBD}.Debug|x86.ActiveCfg = Debug|iPhone
		{E5496305-B22F-4ED2-8403-174CB4731DBD}.Debug|x86.Build.0 = Debug|iPhone
		{E5496305-B22F-4ED2-8403-174CB4731DBD}.Debug|x86.Deploy.0 = Debug|iPhone
		{E5496305-B22F-4ED2-8403-174CB4731DBD}.Release|Any CPU.ActiveCfg = Release|iPhone
		{E5496305-B22F-4ED2-8403-174CB4731DBD}.Release|Any CPU.Build.0 = Release|iPhone
		{E5496305-B22F-4ED2-8403-174CB4731DBD}.Release|Any CPU.Deploy.0 = Release|iPhone
		{E5496305-B22F-4ED2-8403-174CB4731DBD}.Release|ARM.ActiveCfg = Release|iPhone
		{E5496305-B22F-4ED2-8403-174CB4731DBD}.Release|ARM.Build.0 = Release|iPhone
		{E5496305-B22F-4ED2-8403-174CB4731DBD}.Release|ARM.Deploy.0 = Release|iPhone
		{E5496305-B22F-4ED2-8403-174CB4731DBD}.Release|iPhone.ActiveCfg = Release|iPhone
		{E5496305-B22F-4ED2-8403-174CB4731DBD}.Release|iPhone.Build.0 = Release|iPhone
		{E5496305-B22F-4ED2-8403-174CB4731DBD}.Release|iPhone.Deploy.0 = Release|iPhone
		{E5496305-B22F-4ED2-8403-174CB4731DBD}.Release|iPhoneSimulator.ActiveCfg = Release|iPhoneSimulator
		{E5496305-B22F-4ED2-8403-174CB4731DBD}.Release|iPhoneSimulator.Build.0 = Release|iPhoneSimulator
		{E5496305-B22F-4ED2-8403-174CB4731DBD}.Release|iPhoneSimulator.Deploy.0 = Release|iPhoneSimulator
		{E5496305-B22F-4ED2-8403-174CB4731DBD}.Release|x64.ActiveCfg = Release|iPhone
		{E5496305-B22F-4ED2-8403-174CB4731DBD}.Release|x64.Build.0 = Release|iPhone
		{E5496305-B22F-4ED2-8403-174CB4731DBD}.Release|x64.Deploy.0 = Release|iPhone
		{E5496305-B22F-4ED2-8403-174CB4731DBD}.Release|x86.ActiveCfg = Release|iPhone
		{E5496305-B22F-4ED2-8403-174CB4731DBD}.Release|x86.Build.0 = Release|iPhone
		{E5496305-B22F-4ED2-8403-174CB4731DBD}.Release|x86.Deploy.0 = Release|iPhone
		{13C0EFEF-503A-46ED-A771-2EF16A74B006}.Debug|Any CPU.ActiveCfg = Debug|Any CPU
		{13C0EFEF-503A-46ED-A771-2EF16A74B006}.Debug|Any CPU.Build.0 = Debug|Any CPU
		{13C0EFEF-503A-46ED-A771-2EF16A74B006}.Debug|Any CPU.Deploy.0 = Debug|Any CPU
		{13C0EFEF-503A-46ED-A771-2EF16A74B006}.Debug|ARM.ActiveCfg = Debug|Any CPU
		{13C0EFEF-503A-46ED-A771-2EF16A74B006}.Debug|ARM.Build.0 = Debug|Any CPU
		{13C0EFEF-503A-46ED-A771-2EF16A74B006}.Debug|ARM.Deploy.0 = Debug|Any CPU
		{13C0EFEF-503A-46ED-A771-2EF16A74B006}.Debug|iPhone.ActiveCfg = Debug|Any CPU
		{13C0EFEF-503A-46ED-A771-2EF16A74B006}.Debug|iPhone.Build.0 = Debug|Any CPU
		{13C0EFEF-503A-46ED-A771-2EF16A74B006}.Debug|iPhone.Deploy.0 = Debug|Any CPU
		{13C0EFEF-503A-46ED-A771-2EF16A74B006}.Debug|iPhoneSimulator.ActiveCfg = Debug|Any CPU
		{13C0EFEF-503A-46ED-A771-2EF16A74B006}.Debug|iPhoneSimulator.Build.0 = Debug|Any CPU
		{13C0EFEF-503A-46ED-A771-2EF16A74B006}.Debug|iPhoneSimulator.Deploy.0 = Debug|Any CPU
		{13C0EFEF-503A-46ED-A771-2EF16A74B006}.Debug|x64.ActiveCfg = Debug|Any CPU
		{13C0EFEF-503A-46ED-A771-2EF16A74B006}.Debug|x64.Build.0 = Debug|Any CPU
		{13C0EFEF-503A-46ED-A771-2EF16A74B006}.Debug|x64.Deploy.0 = Debug|Any CPU
		{13C0EFEF-503A-46ED-A771-2EF16A74B006}.Debug|x86.ActiveCfg = Debug|Any CPU
		{13C0EFEF-503A-46ED-A771-2EF16A74B006}.Debug|x86.Build.0 = Debug|Any CPU
		{13C0EFEF-503A-46ED-A771-2EF16A74B006}.Debug|x86.Deploy.0 = Debug|Any CPU
		{13C0EFEF-503A-46ED-A771-2EF16A74B006}.Release|Any CPU.ActiveCfg = Release|Any CPU
		{13C0EFEF-503A-46ED-A771-2EF16A74B006}.Release|Any CPU.Build.0 = Release|Any CPU
		{13C0EFEF-503A-46ED-A771-2EF16A74B006}.Release|Any CPU.Deploy.0 = Release|Any CPU
		{13C0EFEF-503A-46ED-A771-2EF16A74B006}.Release|ARM.ActiveCfg = Release|Any CPU
		{13C0EFEF-503A-46ED-A771-2EF16A74B006}.Release|ARM.Build.0 = Release|Any CPU
		{13C0EFEF-503A-46ED-A771-2EF16A74B006}.Release|ARM.Deploy.0 = Release|Any CPU
		{13C0EFEF-503A-46ED-A771-2EF16A74B006}.Release|iPhone.ActiveCfg = Release|Any CPU
		{13C0EFEF-503A-46ED-A771-2EF16A74B006}.Release|iPhone.Build.0 = Release|Any CPU
		{13C0EFEF-503A-46ED-A771-2EF16A74B006}.Release|iPhone.Deploy.0 = Release|Any CPU
		{13C0EFEF-503A-46ED-A771-2EF16A74B006}.Release|iPhoneSimulator.ActiveCfg = Release|Any CPU
		{13C0EFEF-503A-46ED-A771-2EF16A74B006}.Release|iPhoneSimulator.Build.0 = Release|Any CPU
		{13C0EFEF-503A-46ED-A771-2EF16A74B006}.Release|iPhoneSimulator.Deploy.0 = Release|Any CPU
		{13C0EFEF-503A-46ED-A771-2EF16A74B006}.Release|x64.ActiveCfg = Release|Any CPU
		{13C0EFEF-503A-46ED-A771-2EF16A74B006}.Release|x64.Build.0 = Release|Any CPU
		{13C0EFEF-503A-46ED-A771-2EF16A74B006}.Release|x64.Deploy.0 = Release|Any CPU
		{13C0EFEF-503A-46ED-A771-2EF16A74B006}.Release|x86.ActiveCfg = Release|Any CPU
		{13C0EFEF-503A-46ED-A771-2EF16A74B006}.Release|x86.Build.0 = Release|Any CPU
		{13C0EFEF-503A-46ED-A771-2EF16A74B006}.Release|x86.Deploy.0 = Release|Any CPU
	EndGlobalSection
	GlobalSection(SolutionProperties) = preSolution
		HideSolutionNode = FALSE
	EndGlobalSection
	GlobalSection(ExtensibilityGlobals) = postSolution
		SolutionGuid = {DE3B9639-0DB1-45FA-9E07-0ADD98646457}
	EndGlobalSection
EndGlobal
